{
  "nodes": {
    "nixpkgs": {
      "locked": {
        "lastModified": 1731890469,
        "narHash": "sha256-D1FNZ70NmQEwNxpSSdTXCSklBH1z2isPR84J6DQrJGs=",
        "path": "/nix/store/n1g84klfb0h3bpwyvc59lcy5ca58h36w-source",
        "rev": "5083ec887760adfe12af64830a66807423a859a7",
        "type": "path"
      },
      "original": {
        "id": "nixpkgs",
        "type": "indirect"
      }
    },
    "root": {
      "inputs": {
        "nixpkgs": "nixpkgs",
        "some_input": "some_input"
      }
    },
    "some_input": {
      "flake": false,
      "locked": {
        "lastModified": 1,
        "narHash": "sha256-rAw0RmkZy1ZoQihFE+ur8kY+pAu/86Sjb5e28tDshF4=",
        "path": "./some_input",
        "type": "path"
      },
      "original": {
        "path": "./some_input",
        "type": "path"
      }
    }
  },
  "root": "root",
  "version": 7
}
